{
  "name": "fiddy-autopublisher-backend",
  "version": "1.0.0",
  "lockfileVersion": 3,
  "requires": true,
  "packages": {
    "": {
      "name": "fiddy-autopublisher-backend",
      "version": "1.0.0",
      "dependencies": {
        "express": "^4.18.2",
        "cors": "^2.8.5",
        "helmet": "^7.1.0",
        "bcryptjs": "^2.4.3",
        "jsonwebtoken": "^9.0.2",
        "pg": "^8.11.3",
        "dotenv": "^16.3.1",
        "joi": "^17.11.0",
        "axios": "^1.6.0",
        "openai": "^4.20.1",
        "crypto": "^1.0.1",
        "node-cron": "^3.0.3",
        "winston": "^3.11.0",
        "express-rate-limit": "^7.1.5",
        "compression": "^1.7.4",
        "morgan": "^1.10.0",
        "form-data": "^4.0.0"
      },
      "devDependencies": {
        "nodemon": "^3.0.1",
        "jest": "^29.7.0",
        "supertest": "^6.3.3",
        "@types/jest": "^29.5.8",
        "@babel/core": "^7.23.0",
        "@babel/preset-env": "^7.23.0",
        "babel-jest": "^29.7.0"
      }
    },
    "node_modules/bcryptjs": {
      "version": "2.4.3",
      "resolved": "https://registry.npmjs.org/bcryptjs/-/bcryptjs-2.4.3.tgz",
      "integrity": "sha512-V/Hy/X9Vt7f3BbPJEi8BdVFMByHi+jNXrYkW3huaybV/kQ0KJg0Y6PkEMbn0ze2nqCAE2aJz6qGLdO+6h4r8+A=="
    },
    "node_modules/crypto": {
      "version": "1.0.1",
      "resolved": "https://registry.npmjs.org/crypto/-/crypto-1.0.1.tgz",
      "integrity": "sha512-VxBKmeNcqQdiUQUW2Tzq0tUFbESf3M4pT5DkKydc/fNO5mNXz7pct8EceulUovV+NeKsETjpUpaouz8a1pQ2Mw=="
    },
    "node_modules/express-rate-limit": {
      "version": "7.1.5",
      "resolved": "https://registry.npmjs.org/express-rate-limit/-/express-rate-limit-7.1.5.tgz",
      "integrity": "sha512-8H1K1Ezul+OnJz5nAHXRuDB2bNoeotBmqc6on7JYmChP1p2YJ0ah+D79k0E20xdkVc1VwHOJ3Q0u6rrKpxR4Aw=="
    },
    "node_modules/node-cron": {
      "version": "3.0.3",
      "resolved": "https://registry.npmjs.org/node-cron/-/node-cron-3.0.3.tgz",
      "integrity": "sha512-t+Q5cqnBMXpiiU2dXKq1akY4jUKf/jBsiS0sA1wS3HrYqqqItuA8/5wxqYoBq8M4FqqV+AgSl6esB6jWr2oo5Q=="
    }
  }
}